
Microsoft Visual Studio Solution File, Format Version 12.00
# Visual Studio Version 17
VisualStudioVersion = 17.3.32804.467
MinimumVisualStudioVersion = 10.0.40219.1
Project("{FAE04EC0-301F-11D3-BF4B-00C04F79EFBC}") = "Fineksus", "Fineksus\Fineksus.csproj", "{48682C21-56D4-4B6F-9D4B-2A895AABC241}"
EndProject
Global
	GlobalSection(SolutionConfigurationPlatforms) = preSolution
		Debug|Any CPU = Debug|Any CPU
		Release|Any CPU = Release|Any CPU
	EndGlobalSection
	GlobalSection(ProjectConfigurationPlatforms) = postSolution
		{48682C21-56D4-4B6F-9D4B-2A895AABC241}.Debug|Any CPU.ActiveCfg = Debug|Any CPU
		{48682C21-56D4-4B6F-9D4B-2A895AABC241}.Debug|Any CPU.Build.0 = Debug|Any CPU
		{48682C21-56D4-4B6F-9D4B-2A895AABC241}.Release|Any CPU.ActiveCfg = Release|Any CPU
		{48682C21-56D4-4B6F-9D4B-2A895AABC241}.Release|Any CPU.Build.0 = Release|Any CPU
	EndGlobalSection
	GlobalSection(SolutionProperties) = preSolution
		HideSolutionNode = FALSE
	EndGlobalSection
	GlobalSection(ExtensibilityGlobals) = postSolution
		SolutionGuid = {8207732F-0BBB-4BE2-82DF-A90092A40670}
	EndGlobalSection
EndGlobal
